
Microsoft Visual Studio Solution File, Format Version 12.00
# Visual Studio Version 16
VisualStudioVersion = 16.0.29509.3
MinimumVisualStudioVersion = 10.0.40219.1
Project("{FAE04EC0-301F-11D3-BF4B-00C04F79EFBC}") = "WindowsFormsApp4", "WindowsFormsApp4\WindowsFormsApp4.csproj", "{19FD62B7-B2F6-40B1-89C7-A6D5E0886002}"
EndProject
Global
	GlobalSection(SolutionConfigurationPlatforms) = preSolution
		Debug|Any CPU = Debug|Any CPU
		Release|Any CPU = Release|Any CPU
	EndGlobalSection
	GlobalSection(ProjectConfigurationPlatforms) = postSolution
		{19FD62B7-B2F6-40B1-89C7-A6D5E0886002}.Debug|Any CPU.ActiveCfg = Debug|Any CPU
		{19FD62B7-B2F6-40B1-89C7-A6D5E0886002}.Debug|Any CPU.Build.0 = Debug|Any CPU
		{19FD62B7-B2F6-40B1-89C7-A6D5E0886002}.Release|Any CPU.ActiveCfg = Release|Any CPU
		{19FD62B7-B2F6-40B1-89C7-A6D5E0886002}.Release|Any CPU.Build.0 = Release|Any CPU
	EndGlobalSection
	GlobalSection(SolutionProperties) = preSolution
		HideSolutionNode = FALSE
	EndGlobalSection
	GlobalSection(ExtensibilityGlobals) = postSolution
		SolutionGuid = {B97098F4-8177-4552-A262-B4AA1324E513}
	EndGlobalSection
EndGlobal
